
Microsoft Visual Studio Solution File, Format Version 12.00
# Visual Studio 15
VisualStudioVersion = 15.0.28010.2003
MinimumVisualStudioVersion = 10.0.40219.1
Project("{FAE04EC0-301F-11D3-BF4B-00C04F79EFBC}") = "WebApi.Common", "WebApi.Common\WebApi.Common.csproj", "{06B932BA-E190-456B-B229-C7BB4280272B}"
EndProject
Project("{FAE04EC0-301F-11D3-BF4B-00C04F79EFBC}") = "WebApi.Data", "WebApi.Data\WebApi.Data.csproj", "{20725D6A-3625-4022-9D1C-ABDBC9AA5A0F}"
EndProject
Project("{2150E333-8FDC-42A3-9474-1A3956D46DE8}") = "Web", "Web", "{AB0205BD-4DC4-44B3-A08A-79B1067C390C}"
EndProject
Project("{2150E333-8FDC-42A3-9474-1A3956D46DE8}") = "Common", "Common", "{E0078D50-563E-4977-B18F-0D0A3791F403}"
EndProject
Project("{2150E333-8FDC-42A3-9474-1A3956D46DE8}") = "Data", "Data", "{A3AF049D-4A68-4642-A095-E51EE878D641}"
EndProject
Project("{2150E333-8FDC-42A3-9474-1A3956D46DE8}") = "UnitTest", "UnitTest", "{8F5B3846-3DE7-4E4D-9E5D-EC0093BF7E27}"
EndProject
Project("{FAE04EC0-301F-11D3-BF4B-00C04F79EFBC}") = "WebApi.Test", "WebApi.Test\WebApi.Test.csproj", "{E5027E2F-5E07-47BC-9C06-156AB7F9BAB9}"
EndProject
Project("{2150E333-8FDC-42A3-9474-1A3956D46DE8}") = "Infrastructure", "Infrastructure", "{A373500F-089E-4709-AF5A-9641438FA67C}"
EndProject
Project("{FAE04EC0-301F-11D3-BF4B-00C04F79EFBC}") = "WebApi.Infrastructure.DependencyInjection", "WebApi.Infrastructure.DependencyInjection\WebApi.Infrastructure.DependencyInjection.csproj", "{E244A8C2-FF26-4C02-A4D4-E1179A6DFAFF}"
EndProject
Project("{9A19103F-16F7-4668-BE54-9A1E7A4F7556}") = "WebApi.Web.Client", "WebApi.Client\WebApi.Web.Client.csproj", "{5AAC1F78-6E87-48A9-96DA-521B24F0608E}"
EndProject
Project("{2150E333-8FDC-42A3-9474-1A3956D46DE8}") = "BuildDependency", "BuildDependency", "{FE725FF9-C257-4B48-BEF3-3BE2AB0445E8}"
EndProject
Project("{FAE04EC0-301F-11D3-BF4B-00C04F79EFBC}") = "WebApi.BuildDependency", "WebApi.BuildDependency\WebApi.BuildDependency.csproj", "{1B503CF2-5673-46B7-A652-983CD985B613}"
EndProject
Project("{2150E333-8FDC-42A3-9474-1A3956D46DE8}") = "Core", "Core", "{ECD1D721-90C5-4BB9-A8EF-D4085258D542}"
EndProject
Project("{FAE04EC0-301F-11D3-BF4B-00C04F79EFBC}") = "WebApi.Core", "WebApi.Core\WebApi.Core.csproj", "{103A2AFA-28CE-4A3C-8526-684806206F1E}"
EndProject
Project("{FAE04EC0-301F-11D3-BF4B-00C04F79EFBC}") = "WebApi.Core.Service", "WebApi.Core.Service\WebApi.Core.Service.csproj", "{81D013B0-9B70-4975-8266-862D26C2B482}"
EndProject
Project("{FAE04EC0-301F-11D3-BF4B-00C04F79EFBC}") = "WebApi.Web.Api", "WebApi.Web.Api\WebApi.Web.Api.csproj", "{85331217-B0AA-4424-9B2E-82C71EC9E4F3}"
EndProject
Global
	GlobalSection(SolutionConfigurationPlatforms) = preSolution
		Debug|Any CPU = Debug|Any CPU
		Release|Any CPU = Release|Any CPU
	EndGlobalSection
	GlobalSection(ProjectConfigurationPlatforms) = postSolution
		{06B932BA-E190-456B-B229-C7BB4280272B}.Debug|Any CPU.ActiveCfg = Debug|Any CPU
		{06B932BA-E190-456B-B229-C7BB4280272B}.Debug|Any CPU.Build.0 = Debug|Any CPU
		{06B932BA-E190-456B-B229-C7BB4280272B}.Release|Any CPU.ActiveCfg = Release|Any CPU
		{06B932BA-E190-456B-B229-C7BB4280272B}.Release|Any CPU.Build.0 = Release|Any CPU
		{20725D6A-3625-4022-9D1C-ABDBC9AA5A0F}.Debug|Any CPU.ActiveCfg = Debug|Any CPU
		{20725D6A-3625-4022-9D1C-ABDBC9AA5A0F}.Debug|Any CPU.Build.0 = Debug|Any CPU
		{20725D6A-3625-4022-9D1C-ABDBC9AA5A0F}.Release|Any CPU.ActiveCfg = Release|Any CPU
		{20725D6A-3625-4022-9D1C-ABDBC9AA5A0F}.Release|Any CPU.Build.0 = Release|Any CPU
		{E5027E2F-5E07-47BC-9C06-156AB7F9BAB9}.Debug|Any CPU.ActiveCfg = Debug|Any CPU
		{E5027E2F-5E07-47BC-9C06-156AB7F9BAB9}.Debug|Any CPU.Build.0 = Debug|Any CPU
		{E5027E2F-5E07-47BC-9C06-156AB7F9BAB9}.Release|Any CPU.ActiveCfg = Release|Any CPU
		{E5027E2F-5E07-47BC-9C06-156AB7F9BAB9}.Release|Any CPU.Build.0 = Release|Any CPU
		{E244A8C2-FF26-4C02-A4D4-E1179A6DFAFF}.Debug|Any CPU.ActiveCfg = Debug|Any CPU
		{E244A8C2-FF26-4C02-A4D4-E1179A6DFAFF}.Debug|Any CPU.Build.0 = Debug|Any CPU
		{E244A8C2-FF26-4C02-A4D4-E1179A6DFAFF}.Release|Any CPU.ActiveCfg = Release|Any CPU
		{E244A8C2-FF26-4C02-A4D4-E1179A6DFAFF}.Release|Any CPU.Build.0 = Release|Any CPU
		{5AAC1F78-6E87-48A9-96DA-521B24F0608E}.Debug|Any CPU.ActiveCfg = Debug|Any CPU
		{5AAC1F78-6E87-48A9-96DA-521B24F0608E}.Debug|Any CPU.Build.0 = Debug|Any CPU
		{5AAC1F78-6E87-48A9-96DA-521B24F0608E}.Release|Any CPU.ActiveCfg = Release|Any CPU
		{5AAC1F78-6E87-48A9-96DA-521B24F0608E}.Release|Any CPU.Build.0 = Release|Any CPU
		{1B503CF2-5673-46B7-A652-983CD985B613}.Debug|Any CPU.ActiveCfg = Debug|Any CPU
		{1B503CF2-5673-46B7-A652-983CD985B613}.Debug|Any CPU.Build.0 = Debug|Any CPU
		{1B503CF2-5673-46B7-A652-983CD985B613}.Release|Any CPU.ActiveCfg = Release|Any CPU
		{1B503CF2-5673-46B7-A652-983CD985B613}.Release|Any CPU.Build.0 = Release|Any CPU
		{103A2AFA-28CE-4A3C-8526-684806206F1E}.Debug|Any CPU.ActiveCfg = Debug|Any CPU
		{103A2AFA-28CE-4A3C-8526-684806206F1E}.Debug|Any CPU.Build.0 = Debug|Any CPU
		{103A2AFA-28CE-4A3C-8526-684806206F1E}.Release|Any CPU.ActiveCfg = Release|Any CPU
		{103A2AFA-28CE-4A3C-8526-684806206F1E}.Release|Any CPU.Build.0 = Release|Any CPU
		{81D013B0-9B70-4975-8266-862D26C2B482}.Debug|Any CPU.ActiveCfg = Debug|Any CPU
		{81D013B0-9B70-4975-8266-862D26C2B482}.Debug|Any CPU.Build.0 = Debug|Any CPU
		{81D013B0-9B70-4975-8266-862D26C2B482}.Release|Any CPU.ActiveCfg = Release|Any CPU
		{81D013B0-9B70-4975-8266-862D26C2B482}.Release|Any CPU.Build.0 = Release|Any CPU
		{85331217-B0AA-4424-9B2E-82C71EC9E4F3}.Debug|Any CPU.ActiveCfg = Debug|Any CPU
		{85331217-B0AA-4424-9B2E-82C71EC9E4F3}.Debug|Any CPU.Build.0 = Debug|Any CPU
		{85331217-B0AA-4424-9B2E-82C71EC9E4F3}.Release|Any CPU.ActiveCfg = Release|Any CPU
		{85331217-B0AA-4424-9B2E-82C71EC9E4F3}.Release|Any CPU.Build.0 = Release|Any CPU
	EndGlobalSection
	GlobalSection(SolutionProperties) = preSolution
		HideSolutionNode = FALSE
	EndGlobalSection
	GlobalSection(NestedProjects) = preSolution
		{06B932BA-E190-456B-B229-C7BB4280272B} = {E0078D50-563E-4977-B18F-0D0A3791F403}
		{20725D6A-3625-4022-9D1C-ABDBC9AA5A0F} = {A3AF049D-4A68-4642-A095-E51EE878D641}
		{E5027E2F-5E07-47BC-9C06-156AB7F9BAB9} = {8F5B3846-3DE7-4E4D-9E5D-EC0093BF7E27}
		{E244A8C2-FF26-4C02-A4D4-E1179A6DFAFF} = {A373500F-089E-4709-AF5A-9641438FA67C}
		{5AAC1F78-6E87-48A9-96DA-521B24F0608E} = {AB0205BD-4DC4-44B3-A08A-79B1067C390C}
		{1B503CF2-5673-46B7-A652-983CD985B613} = {FE725FF9-C257-4B48-BEF3-3BE2AB0445E8}
		{103A2AFA-28CE-4A3C-8526-684806206F1E} = {ECD1D721-90C5-4BB9-A8EF-D4085258D542}
		{81D013B0-9B70-4975-8266-862D26C2B482} = {ECD1D721-90C5-4BB9-A8EF-D4085258D542}
		{85331217-B0AA-4424-9B2E-82C71EC9E4F3} = {AB0205BD-4DC4-44B3-A08A-79B1067C390C}
	EndGlobalSection
	GlobalSection(ExtensibilityGlobals) = postSolution
		SolutionGuid = {44AAAE30-B58D-42DC-AE61-D73F2A89063B}
	EndGlobalSection
EndGlobal
